github.com/Nomadcxx/sysc-wayland v0.3.2-rc.1 h1:b/fota81Abko+zPV8AhLKp4kvLtJhz9R/sCNntG6iZ8=
github.com/Nomadcxx/sysc-wayland v0.3.2-rc.1/go.mod h1:ZNAe41EM7R5G2KA55jqMPotAvrjVWcMq21BV69gROKA=
github.com/msteinert/pam/v2 v2.1.0 h1:er5F9TKV5nGFuTt12ubtqPHEUdeBwReP7vd3wovidGY=
github.com/msteinert/pam/v2 v2.1.0/go.mod h1:KT28NNIcDFf3PcBmNI2mIGO4zZJ+9RSs/At2PB3IDVc=
github.com/thegrumpylion/xkb-go v0.1.0 h1:/LfJ0zQ/gUCH3c6CLMRzuLX9tfn665arh8TT7pXA6lU=
github.com/thegrumpylion/xkb-go v0.1.0/go.mod h1:jqjXn4dtd9tkpaA46xx1QVxkuA0QRf6XMubdLCVVBpk=
golang.org/x/image v0.46.0 h1:b1+oYj0Jbp6K5MDT4i4/eZpYlk3V8SJhhDKh6LBHAyQ=
golang.org/x/image v0.46.0/go.mod h1:3B3W05VGVQyuXucLINLjXKrqISASfi4Xj+iCVkLMwew=
golang.org/x/sys v0.48.0 h1:bbX/i/6MgT9BVLM9RT1thmxL04yeTAhbEz4SyadbXoo=
golang.org/x/sys v0.48.0/go.mod h1:hNLxWAXmnKAxqDtdwIYC4bM9oQPEecfsnNMuSxOs3og=
golang.org/x/term v0.6.0 h1:clScbb1cHjoCkyRbWwBEUZ5H/tIFu5TAXIqaZD0Gcjw=
golang.org/x/term v0.6.0/go.mod h1:m6U89DPEgQRMq3DNkDClhWw02AUbt2daBVO4cn4Hv9U=
golang.org/x/text v0.42.0 h1:JbOZXgfeCPU9gacVtYliJqOhD+zhrEqK4LfdpmlUZqI=
golang.org/x/text v0.42.0/go.mod h1:ojzP1Z+2QtioaF8DTtO8K5q7JWVVYwZKenzujK0Zd0E=
